
Microsoft Visual Studio Solution File, Format Version 12.00
# Visual Studio 15
VisualStudioVersion = 15.0.27703.2042
MinimumVisualStudioVersion = 10.0.40219.1
Project("{FAE04EC0-301F-11D3-BF4B-00C04F79EFBC}") = "Lab-Serialization", "Lab-Serialization\Lab-Serialization.csproj", "{10D66065-9744-4E18-B14C-035E5058A39D}"
EndProject
Global
	GlobalSection(SolutionConfigurationPlatforms) = preSolution
		Debug|Any CPU = Debug|Any CPU
		Release|Any CPU = Release|Any CPU
	EndGlobalSection
	GlobalSection(ProjectConfigurationPlatforms) = postSolution
		{10D66065-9744-4E18-B14C-035E5058A39D}.Debug|Any CPU.ActiveCfg = Debug|Any CPU
		{10D66065-9744-4E18-B14C-035E5058A39D}.Debug|Any CPU.Build.0 = Debug|Any CPU
		{10D66065-9744-4E18-B14C-035E5058A39D}.Release|Any CPU.ActiveCfg = Release|Any CPU
		{10D66065-9744-4E18-B14C-035E5058A39D}.Release|Any CPU.Build.0 = Release|Any CPU
	EndGlobalSection
	GlobalSection(SolutionProperties) = preSolution
		HideSolutionNode = FALSE
	EndGlobalSection
	GlobalSection(ExtensibilityGlobals) = postSolution
		SolutionGuid = {EB53E428-F137-4A4A-8EFA-E54FD1EBBE8F}
	EndGlobalSection
EndGlobal
